
Microsoft Visual Studio Solution File, Format Version 12.00
# Visual Studio 15
VisualStudioVersion = 15.0.27703.2047
MinimumVisualStudioVersion = 10.0.40219.1
Project("{FAE04EC0-301F-11D3-BF4B-00C04F79EFBC}") = "AudioVideoPlayer", "AudioVideoPlayer\AudioVideoPlayer.csproj", "{F6267EF3-A40E-4A07-8231-AA09CA15D6C0}"
EndProject
Global
	GlobalSection(SolutionConfigurationPlatforms) = preSolution
		Debug|Any CPU = Debug|Any CPU
		Release|Any CPU = Release|Any CPU
	EndGlobalSection
	GlobalSection(ProjectConfigurationPlatforms) = postSolution
		{F6267EF3-A40E-4A07-8231-AA09CA15D6C0}.Debug|Any CPU.ActiveCfg = Debug|Any CPU
		{F6267EF3-A40E-4A07-8231-AA09CA15D6C0}.Debug|Any CPU.Build.0 = Debug|Any CPU
		{F6267EF3-A40E-4A07-8231-AA09CA15D6C0}.Release|Any CPU.ActiveCfg = Release|Any CPU
		{F6267EF3-A40E-4A07-8231-AA09CA15D6C0}.Release|Any CPU.Build.0 = Release|Any CPU
	EndGlobalSection
	GlobalSection(SolutionProperties) = preSolution
		HideSolutionNode = FALSE
	EndGlobalSection
	GlobalSection(ExtensibilityGlobals) = postSolution
		SolutionGuid = {8E9762AD-1228-4530-AADB-DBECEE582846}
	EndGlobalSection
EndGlobal
