
Microsoft Visual Studio Solution File, Format Version 12.00
# Visual Studio 15
VisualStudioVersion = 15.0.27703.2047
MinimumVisualStudioVersion = 10.0.40219.1
Project("{FAE04EC0-301F-11D3-BF4B-00C04F79EFBC}") = "AudioVideoPlayer", "AudioVideoPlayer\AudioVideoPlayer.csproj", "{F6267EF3-A40E-4A07-8231-AA09CA15D6C0}"
EndProject
Project("{FAE04EC0-301F-11D3-BF4B-00C04F79EFBC}") = "PasswordChecker", "PasswordChecker\PasswordChecker.csproj", "{3E07F6A1-0967-479B-8854-59DFBE3286A9}"
EndProject
Project("{FAE04EC0-301F-11D3-BF4B-00C04F79EFBC}") = "K-S_ikkunat", "K-S_ikkunat\K-S_ikkunat.csproj", "{74F82D3E-9380-4A99-A41F-87C5531497B9}"
EndProject
Project("{FAE04EC0-301F-11D3-BF4B-00C04F79EFBC}") = "CashMachine", "CashMachine\CashMachine.csproj", "{E3BFDE81-9219-4725-A32F-102F104EB904}"
EndProject
Project("{FAE04EC0-301F-11D3-BF4B-00C04F79EFBC}") = "Pelaajat", "Pelaajat\Pelaajat.csproj", "{70263F03-9D03-4335-8E54-AF7F4AA89AD5}"
EndProject
Global
	GlobalSection(SolutionConfigurationPlatforms) = preSolution
		Debug|Any CPU = Debug|Any CPU
		Release|Any CPU = Release|Any CPU
	EndGlobalSection
	GlobalSection(ProjectConfigurationPlatforms) = postSolution
		{F6267EF3-A40E-4A07-8231-AA09CA15D6C0}.Debug|Any CPU.ActiveCfg = Debug|Any CPU
		{F6267EF3-A40E-4A07-8231-AA09CA15D6C0}.Debug|Any CPU.Build.0 = Debug|Any CPU
		{F6267EF3-A40E-4A07-8231-AA09CA15D6C0}.Release|Any CPU.ActiveCfg = Release|Any CPU
		{F6267EF3-A40E-4A07-8231-AA09CA15D6C0}.Release|Any CPU.Build.0 = Release|Any CPU
		{3E07F6A1-0967-479B-8854-59DFBE3286A9}.Debug|Any CPU.ActiveCfg = Debug|Any CPU
		{3E07F6A1-0967-479B-8854-59DFBE3286A9}.Debug|Any CPU.Build.0 = Debug|Any CPU
		{3E07F6A1-0967-479B-8854-59DFBE3286A9}.Release|Any CPU.ActiveCfg = Release|Any CPU
		{3E07F6A1-0967-479B-8854-59DFBE3286A9}.Release|Any CPU.Build.0 = Release|Any CPU
		{74F82D3E-9380-4A99-A41F-87C5531497B9}.Debug|Any CPU.ActiveCfg = Debug|Any CPU
		{74F82D3E-9380-4A99-A41F-87C5531497B9}.Debug|Any CPU.Build.0 = Debug|Any CPU
		{74F82D3E-9380-4A99-A41F-87C5531497B9}.Release|Any CPU.ActiveCfg = Release|Any CPU
		{74F82D3E-9380-4A99-A41F-87C5531497B9}.Release|Any CPU.Build.0 = Release|Any CPU
		{E3BFDE81-9219-4725-A32F-102F104EB904}.Debug|Any CPU.ActiveCfg = Debug|Any CPU
		{E3BFDE81-9219-4725-A32F-102F104EB904}.Debug|Any CPU.Build.0 = Debug|Any CPU
		{E3BFDE81-9219-4725-A32F-102F104EB904}.Release|Any CPU.ActiveCfg = Release|Any CPU
		{E3BFDE81-9219-4725-A32F-102F104EB904}.Release|Any CPU.Build.0 = Release|Any CPU
		{70263F03-9D03-4335-8E54-AF7F4AA89AD5}.Debug|Any CPU.ActiveCfg = Debug|Any CPU
		{70263F03-9D03-4335-8E54-AF7F4AA89AD5}.Debug|Any CPU.Build.0 = Debug|Any CPU
		{70263F03-9D03-4335-8E54-AF7F4AA89AD5}.Release|Any CPU.ActiveCfg = Release|Any CPU
		{70263F03-9D03-4335-8E54-AF7F4AA89AD5}.Release|Any CPU.Build.0 = Release|Any CPU
	EndGlobalSection
	GlobalSection(SolutionProperties) = preSolution
		HideSolutionNode = FALSE
	EndGlobalSection
	GlobalSection(ExtensibilityGlobals) = postSolution
		SolutionGuid = {8E9762AD-1228-4530-AADB-DBECEE582846}
	EndGlobalSection
EndGlobal
